
Microsoft Visual Studio Solution File, Format Version 12.00
# Visual Studio Version 17
VisualStudioVersion = 17.3.32929.385
MinimumVisualStudioVersion = 10.0.40219.1
Project("{FAE04EC0-301F-11D3-BF4B-00C04F79EFBC}") = "Mozaika_GUI", "Mozaika_GUI\Mozaika_GUI.csproj", "{D7AC4BAD-9E5A-45DB-8E83-20487516B1CB}"
EndProject
Project("{FAE04EC0-301F-11D3-BF4B-00C04F79EFBC}") = "Mozaika_Logic", "Mozaika_Logic\Mozaika_Logic.csproj", "{0AF9C04B-6A1E-4603-B6E7-D7216D96B605}"
EndProject
Project("{FAE04EC0-301F-11D3-BF4B-00C04F79EFBC}") = "Skrypty", "Skrypty\Skrypty.csproj", "{97897F95-DECF-432E-AAFE-DDB2AEF3B829}"
EndProject
Project("{2150E333-8FDC-42A3-9474-1A3956D46DE8}") = "Solution Items", "Solution Items", "{AA0B7810-E836-44CF-A6ED-0DA2675B8E73}"
	ProjectSection(SolutionItems) = preProject
		.editorconfig = .editorconfig
	EndProjectSection
EndProject
Global
	GlobalSection(SolutionConfigurationPlatforms) = preSolution
		Debug|Any CPU = Debug|Any CPU
		Release|Any CPU = Release|Any CPU
	EndGlobalSection
	GlobalSection(ProjectConfigurationPlatforms) = postSolution
		{D7AC4BAD-9E5A-45DB-8E83-20487516B1CB}.Debug|Any CPU.ActiveCfg = Debug|Any CPU
		{D7AC4BAD-9E5A-45DB-8E83-20487516B1CB}.Debug|Any CPU.Build.0 = Debug|Any CPU
		{D7AC4BAD-9E5A-45DB-8E83-20487516B1CB}.Release|Any CPU.ActiveCfg = Release|Any CPU
		{D7AC4BAD-9E5A-45DB-8E83-20487516B1CB}.Release|Any CPU.Build.0 = Release|Any CPU
		{0AF9C04B-6A1E-4603-B6E7-D7216D96B605}.Debug|Any CPU.ActiveCfg = Debug|Any CPU
		{0AF9C04B-6A1E-4603-B6E7-D7216D96B605}.Debug|Any CPU.Build.0 = Debug|Any CPU
		{0AF9C04B-6A1E-4603-B6E7-D7216D96B605}.Release|Any CPU.ActiveCfg = Release|Any CPU
		{0AF9C04B-6A1E-4603-B6E7-D7216D96B605}.Release|Any CPU.Build.0 = Release|Any CPU
		{97897F95-DECF-432E-AAFE-DDB2AEF3B829}.Debug|Any CPU.ActiveCfg = Debug|Any CPU
		{97897F95-DECF-432E-AAFE-DDB2AEF3B829}.Debug|Any CPU.Build.0 = Debug|Any CPU
		{97897F95-DECF-432E-AAFE-DDB2AEF3B829}.Release|Any CPU.ActiveCfg = Release|Any CPU
		{97897F95-DECF-432E-AAFE-DDB2AEF3B829}.Release|Any CPU.Build.0 = Release|Any CPU
	EndGlobalSection
	GlobalSection(SolutionProperties) = preSolution
		HideSolutionNode = FALSE
	EndGlobalSection
	GlobalSection(ExtensibilityGlobals) = postSolution
		SolutionGuid = {BBEDE739-8A30-4EFD-A914-A2CF95AA5E09}
	EndGlobalSection
EndGlobal
